
Microsoft Visual Studio Solution File, Format Version 12.00
# Visual Studio Version 17
VisualStudioVersion = 17.14.37216.2
MinimumVisualStudioVersion = 10.0.40219.1
Project("{2150E333-8FDC-42A3-9474-1A3956D46DE8}") = "SOLID-Principles", "SOLID-Principles", "{02EA681E-C7D8-13C7-8484-4AC65E1B71E8}"
EndProject
Project("{FAE04EC0-301F-11D3-BF4B-00C04F79EFBC}") = "Models", "Models\Models.csproj", "{252F4D62-AA1F-488D-9D8F-59FEB3ADE9FA}"
EndProject
Project("{FAE04EC0-301F-11D3-BF4B-00C04F79EFBC}") = "SOLID-Principles", "SOLID-Principles\SOLID-Principles.csproj", "{D1F033DF-DB92-5312-B3C5-D1B26A6BB4B9}"
EndProject
Global
	GlobalSection(SolutionConfigurationPlatforms) = preSolution
		Debug|Any CPU = Debug|Any CPU
		Release|Any CPU = Release|Any CPU
	EndGlobalSection
	GlobalSection(ProjectConfigurationPlatforms) = postSolution
		{252F4D62-AA1F-488D-9D8F-59FEB3ADE9FA}.Debug|Any CPU.ActiveCfg = Debug|Any CPU
		{252F4D62-AA1F-488D-9D8F-59FEB3ADE9FA}.Debug|Any CPU.Build.0 = Debug|Any CPU
		{252F4D62-AA1F-488D-9D8F-59FEB3ADE9FA}.Release|Any CPU.ActiveCfg = Release|Any CPU
		{252F4D62-AA1F-488D-9D8F-59FEB3ADE9FA}.Release|Any CPU.Build.0 = Release|Any CPU
		{D1F033DF-DB92-5312-B3C5-D1B26A6BB4B9}.Debug|Any CPU.ActiveCfg = Debug|Any CPU
		{D1F033DF-DB92-5312-B3C5-D1B26A6BB4B9}.Debug|Any CPU.Build.0 = Debug|Any CPU
		{D1F033DF-DB92-5312-B3C5-D1B26A6BB4B9}.Release|Any CPU.ActiveCfg = Release|Any CPU
		{D1F033DF-DB92-5312-B3C5-D1B26A6BB4B9}.Release|Any CPU.Build.0 = Release|Any CPU
	EndGlobalSection
	GlobalSection(SolutionProperties) = preSolution
		HideSolutionNode = FALSE
	EndGlobalSection
	GlobalSection(NestedProjects) = preSolution
		{D1F033DF-DB92-5312-B3C5-D1B26A6BB4B9} = {02EA681E-C7D8-13C7-8484-4AC65E1B71E8}
	EndGlobalSection
	GlobalSection(ExtensibilityGlobals) = postSolution
		SolutionGuid = {D30C8603-15B8-4375-B176-BAF77F5863DB}
	EndGlobalSection
EndGlobal
